// !$*UTF8*$!
{
	archiveVersion = 1;
	classes = {
	};
	objectVersion = 50;
	objects = {

/* Begin PBXBuildFile section */
		1042F36923EBC89E008CCF62 /* AppDelegate.swift in Sources */ = {isa = PBXBuildFile; fileRef = 1042F36823EBC89E008CCF62 /* AppDelegate.swift */; };
		1042F36B23EBC89E008CCF62 /* SceneDelegate.swift in Sources */ = {isa = PBXBuildFile; fileRef = 1042F36A23EBC89E008CCF62 /* SceneDelegate.swift */; };
		1042F36D23EBC89E008CCF62 /* ContentView.swift in Sources */ = {isa = PBXBuildFile; fileRef = 1042F36C23EBC89E008CCF62 /* ContentView.swift */; };
		1042F36F23EBC89F008CCF62 /* Assets.xcassets in Resources */ = {isa = PBXBuildFile; fileRef = 1042F36E23EBC89F008CCF62 /* Assets.xcassets */; };
		1042F37223EBC89F008CCF62 /* Preview Assets.xcassets in Resources */ = {isa = PBXBuildFile; fileRef = 1042F37123EBC89F008CCF62 /* Preview Assets.xcassets */; };
		1042F37523EBC89F008CCF62 /* LaunchScreen.storyboard in Resources */ = {isa = PBXBuildFile; fileRef = 1042F37323EBC89F008CCF62 /* LaunchScreen.storyboard */; };
		1056E1E623EF71B100A46C05 /* FeltTempCalculator.swift in Sources */ = {isa = PBXBuildFile; fileRef = 1056E1E523EF71B000A46C05 /* FeltTempCalculator.swift */; };
/* End PBXBuildFile section */

/* Begin PBXFileReference section */
		1042F36523EBC89E008CCF62 /* FeltTempSwiftUI.app */ = {isa = PBXFileReference; explicitFileType = wrapper.application; includeInIndex = 0; path = FeltTempSwiftUI.app; sourceTree = BUILT_PRODUCTS_DIR; };
		1042F36823EBC89E008CCF62 /* AppDelegate.swift */ = {isa = PBXFileReference; lastKnownFileType = sourcecode.swift; path = AppDelegate.swift; sourceTree = "<group>"; };
		1042F36A23EBC89E008CCF62 /* SceneDelegate.swift */ = {isa = PBXFileReference; lastKnownFileType = sourcecode.swift; path = SceneDelegate.swift; sourceTree = "<group>"; };
		1042F36C23EBC89E008CCF62 /* ContentView.swift */ = {isa = PBXFileReference; lastKnownFileType = sourcecode.swift; path = ContentView.swift; sourceTree = "<group>"; };
		1042F36E23EBC89F008CCF62 /* Assets.xcassets */ = {isa = PBXFileReference; lastKnownFileType = folder.assetcatalog; path = Assets.xcassets; sourceTree = "<group>"; };
		1042F37123EBC89F008CCF62 /* Preview Assets.xcassets */ = {isa = PBXFileReference; lastKnownFileType = folder.assetcatalog; path = "Preview Assets.xcassets"; sourceTree = "<group>"; };
		1042F37423EBC89F008CCF62 /* Base */ = {isa = PBXFileReference; lastKnownFileType = file.storyboard; name = Base; path = Base.lproj/LaunchScreen.storyboard; sourceTree = "<group>"; };
		1042F37623EBC89F008CCF62 /* Info.plist */ = {isa = PBXFileReference; lastKnownFileType = text.plist.xml; path = Info.plist; sourceTree = "<group>"; };
		1056E1E523EF71B000A46C05 /* FeltTempCalculator.swift */ = {isa = PBXFileReference; fileEncoding = 4; lastKnownFileType = sourcecode.swift; path = FeltTempCalculator.swift; sourceTree = "<group>"; };
/* End PBXFileReference section */

/* Begin PBXFrameworksBuildPhase section */
		1042F36223EBC89E008CCF62 /* Frameworks */ = {
			isa = PBXFrameworksBuildPhase;
			buildActionMask = 2147483647;
			files = (
			);
			runOnlyForDeploymentPostprocessing = 0;
		};
/* End PBXFrameworksBuildPhase section */

/* Begin PBXGroup section */
		1042F35C23EBC89E008CCF62 = {
			isa = PBXGroup;
			children = (
				1042F36723EBC89E008CCF62 /* FeltTempSwiftUI */,
				1042F36623EBC89E008CCF62 /* Products */,
			);
			sourceTree = "<group>";
		};
		1042F36623EBC89E008CCF62 /* Products */ = {
			isa = PBXGroup;
			children = (
				1042F36523EBC89E008CCF62 /* FeltTempSwiftUI.app */,
			);
			name = Products;
			sourceTree = "<group>";
		};
		1042F36723EBC89E008CCF62 /* FeltTempSwiftUI */ = {
			isa = PBXGroup;
			children = (
				1056E1E523EF71B000A46C05 /* FeltTempCalculator.swift */,
				1042F36C23EBC89E008CCF62 /* ContentView.swift */,
				1042F36823EBC89E008CCF62 /* AppDelegate.swift */,
				1042F36A23EBC89E008CCF62 /* SceneDelegate.swift */,
				1042F36E23EBC89F008CCF62 /* Assets.xcassets */,
				1042F37323EBC89F008CCF62 /* LaunchScreen.storyboard */,
				1042F37623EBC89F008CCF62 /* Info.plist */,
				1042F37023EBC89F008CCF62 /* Preview Content */,
			);
			path = FeltTempSwiftUI;
			sourceTree = "<group>";
		};
		1042F37023EBC89F008CCF62 /* Preview Content */ = {
			isa = PBXGroup;
			children = (
				1042F37123EBC89F008CCF62 /* Preview Assets.xcassets */,
			);
			path = "Preview Content";
			sourceTree = "<group>";
		};
/* End PBXGroup section */

/* Begin PBXNativeTarget section */
		1042F36423EBC89E008CCF62 /* FeltTempSwiftUI */ = {
			isa = PBXNativeTarget;
			buildConfigurationList = 1042F37923EBC89F008CCF62 /* Build configuration list for PBXNativeTarget "FeltTempSwiftUI" */;
			buildPhases = (
				1042F36123EBC89E008CCF62 /* Sources */,
				1042F36223EBC89E008CCF62 /* Frameworks */,
				1042F36323EBC89E008CCF62 /* Resources */,
			);
			buildRules = (
			);
			dependencies = (
			);
			name = FeltTempSwiftUI;
			productName = FeltTempSwiftUI;
			productReference = 1042F36523EBC89E008CCF62 /* FeltTempSwiftUI.app */;
			productType = "com.apple.product-type.application";
		};
/* End PBXNativeTarget section */

/* Begin PBXProject section */
		1042F35D23EBC89E008CCF62 /* Project object */ = {
			isa = PBXProject;
			attributes = {
				LastSwiftUpdateCheck = 1130;
				LastUpgradeCheck = 1130;
				ORGANIZATIONNAME = Ramosam;
				TargetAttributes = {
					1042F36423EBC89E008CCF62 = {
						CreatedOnToolsVersion = 11.3.1;
					};
				};
			};
			buildConfigurationList = 1042F36023EBC89E008CCF62 /* Build configuration list for PBXProject "FeltTempSwiftUI" */;
			compatibilityVersion = "Xcode 9.3";
			developmentRegion = en;
			hasScannedForEncodings = 0;
			knownRegions = (
				en,
				Base,
			);
			mainGroup = 1042F35C23EBC89E008CCF62;
			productRefGroup = 1042F36623EBC89E008CCF62 /* Products */;
			projectDirPath = "";
			projectRoot = "";
			targets = (
				1042F36423EBC89E008CCF62 /* FeltTempSwiftUI */,
			);
		};
/* End PBXProject section */

/* Begin PBXResourcesBuildPhase section */
		1042F36323EBC89E008CCF62 /* Resources */ = {
			isa = PBXResourcesBuildPhase;
			buildActionMask = 2147483647;
			files = (
				1042F37523EBC89F008CCF62 /* LaunchScreen.storyboard in Resources */,
				1042F37223EBC89F008CCF62 /* Preview Assets.xcassets in Resources */,
				1042F36F23EBC89F008CCF62 /* Assets.xcassets in Resources */,
			);
			runOnlyForDeploymentPostprocessing = 0;
		};
/* End PBXResourcesBuildPhase section */

/* Begin PBXSourcesBuildPhase section */
		1042F36123EBC89E008CCF62 /* Sources */ = {
			isa = PBXSourcesBuildPhase;
			buildActionMask = 2147483647;
			files = (
				1042F36923EBC89E008CCF62 /* AppDelegate.swift in Sources */,
				1042F36B23EBC89E008CCF62 /* SceneDelegate.swift in Sources */,
				1056E1E623EF71B100A46C05 /* FeltTempCalculator.swift in Sources */,
				1042F36D23EBC89E008CCF62 /* ContentView.swift in Sources */,
			);
			runOnlyForDeploymentPostprocessing = 0;
		};
/* End PBXSourcesBuildPhase section */

/* Begin PBXVariantGroup section */
		1042F37323EBC89F008CCF62 /* LaunchScreen.storyboard */ = {
			isa = PBXVariantGroup;
			children = (
				1042F37423EBC89F008CCF62 /* Base */,
			);
			name = LaunchScreen.storyboard;
			sourceTree = "<group>";
		};
/* End PBXVariantGroup section */

/* Begin XCBuildConfiguration section */
		1042F37723EBC89F008CCF62 /* Debug */ = {
			isa = XCBuildConfiguration;
			buildSettings = {
				ALWAYS_SEARCH_USER_PATHS = NO;
				CLANG_ANALYZER_NONNULL = YES;
				CLANG_ANALYZER_NUMBER_OBJECT_CONVERSION = YES_AGGRESSIVE;
				CLANG_CXX_LANGUAGE_STANDARD = "gnu++14";
				CLANG_CXX_LIBRARY = "libc++";
				CLANG_ENABLE_MODULES = YES;
				CLANG_ENABLE_OBJC_ARC = YES;
				CLANG_ENABLE_OBJC_WEAK = YES;
				CLANG_WARN_BLOCK_CAPTURE_AUTORELEASING = YES;
				CLANG_WARN_BOOL_CONVERSION = YES;
				CLANG_WARN_COMMA = YES;
				CLANG_WARN_CONSTANT_CONVERSION = YES;
				CLANG_WARN_DEPRECATED_OBJC_IMPLEMENTATIONS = YES;
				CLANG_WARN_DIRECT_OBJC_ISA_USAGE = YES_ERROR;
				CLANG_WARN_DOCUMENTATION_COMMENTS = YES;
				CLANG_WARN_EMPTY_BODY = YES;
				CLANG_WARN_ENUM_CONVERSION = YES;
				CLANG_WARN_INFINITE_RECURSION = YES;
				CLANG_WARN_INT_CONVERSION = YES;
				CLANG_WARN_NON_LITERAL_NULL_CONVERSION = YES;
				CLANG_WARN_OBJC_IMPLICIT_RETAIN_SELF = YES;
				CLANG_WARN_OBJC_LITERAL_CONVERSION = YES;
				CLANG_WARN_OBJC_ROOT_CLASS = YES_ERROR;
				CLANG_WARN_RANGE_LOOP_ANALYSIS = YES;
				CLANG_WARN_STRICT_PROTOTYPES = YES;
				CLANG_WARN_SUSPICIOUS_MOVE = YES;
				CLANG_WARN_UNGUARDED_AVAILABILITY = YES_AGGRESSIVE;
				CLANG_WARN_UNREACHABLE_CODE = YES;
				CLANG_WARN__DUPLICATE_METHOD_MATCH = YES;
				COPY_PHASE_STRIP = NO;
				DEBUG_INFORMATION_FORMAT = dwarf;
				ENABLE_STRICT_OBJC_MSGSEND = YES;
				ENABLE_TESTABILITY = YES;
				GCC_C_LANGUAGE_STANDARD = gnu11;
				GCC_DYNAMIC_NO_PIC = NO;
				GCC_NO_COMMON_BLOCKS = YES;
				GCC_OPTIMIZATION_LEVEL = 0;
				GCC_PREPROCESSOR_DEFINITIONS = (
					"DEBUG=1",
					"$(inherited)",
				);
				GCC_WARN_64_TO_32_BIT_CONVERSION = YES;
				GCC_WARN_ABOUT_RETURN_TYPE = YES_ERROR;
				GCC_WARN_UNDECLARED_SELECTOR = YES;
				GCC_WARN_UNINITIALIZED_AUTOS = YES_AGGRESSIVE;
				GCC_WARN_UNUSED_FUNCTION = YES;
				GCC_WARN_UNUSED_VARIABLE = YES;
				IPHONEOS_DEPLOYMENT_TARGET = 13.2;
				MTL_ENABLE_DEBUG_INFO = INCLUDE_SOURCE;
				MTL_FAST_MATH = YES;
				ONLY_ACTIVE_ARCH = YES;
				SDKROOT = iphoneos;
				SWIFT_ACTIVE_COMPILATION_CONDITIONS = DEBUG;
				SWIFT_OPTIMIZATION_LEVEL = "-Onone";
			};
			name = Debug;
		};
		1042F37823EBC89F008CCF62 /* Release */ = {
			isa = XCBuildConfiguration;
			buildSettings = {
				ALWAYS_SEARCH_USER_PATHS = NO;
				CLANG_ANALYZER_NONNULL = YES;
				CLANG_ANALYZER_NUMBER_OBJECT_CONVERSION = YES_AGGRESSIVE;
				CLANG_CXX_LANGUAGE_STANDARD = "gnu++14";
				CLANG_CXX_LIBRARY = "libc++";
				CLANG_ENABLE_MODULES = YES;
				CLANG_ENABLE_OBJC_ARC = YES;
				CLANG_ENABLE_OBJC_WEAK = YES;
				CLANG_WARN_BLOCK_CAPTURE_AUTORELEASING = YES;
				CLANG_WARN_BOOL_CONVERSION = YES;
				CLANG_WARN_COMMA = YES;
				CLANG_WARN_CONSTANT_CONVERSION = YES;
				CLANG_WARN_DEPRECATED_OBJC_IMPLEMENTATIONS = YES;
				CLANG_WARN_DIRECT_OBJC_ISA_USAGE = YES_ERROR;
				CLANG_WARN_DOCUMENTATION_COMMENTS = YES;
				CLANG_WARN_EMPTY_BODY = YES;
				CLANG_WARN_ENUM_CONVERSION = YES;
				CLANG_WARN_INFINITE_RECURSION = YES;
				CLANG_WARN_INT_CONVERSION = YES;
				CLANG_WARN_NON_LITERAL_NULL_CONVERSION = YES;
				CLANG_WARN_OBJC_IMPLICIT_RETAIN_SELF = YES;
				CLANG_WARN_OBJC_LITERAL_CONVERSION = YES;
				CLANG_WARN_OBJC_ROOT_CLASS = YES_ERROR;
				CLANG_WARN_RANGE_LOOP_ANALYSIS = YES;
				CLANG_WARN_STRICT_PROTOTYPES = YES;
				CLANG_WARN_SUSPICIOUS_MOVE = YES;
				CLANG_WARN_UNGUARDED_AVAILABILITY = YES_AGGRESSIVE;
				CLANG_WARN_UNREACHABLE_CODE = YES;
				CLANG_WARN__DUPLICATE_METHOD_MATCH = YES;
				COPY_PHASE_STRIP = NO;
				DEBUG_INFORMATION_FORMAT = "dwarf-with-dsym";
				ENABLE_NS_ASSERTIONS = NO;
				ENABLE_STRICT_OBJC_MSGSEND = YES;
				GCC_C_LANGUAGE_STANDARD = gnu11;
				GCC_NO_COMMON_BLOCKS = YES;
				GCC_WARN_64_TO_32_BIT_CONVERSION = YES;
				GCC_WARN_ABOUT_RETURN_TYPE = YES_ERROR;
				GCC_WARN_UNDECLARED_SELECTOR = YES;
				GCC_WARN_UNINITIALIZED_AUTOS = YES_AGGRESSIVE;
				GCC_WARN_UNUSED_FUNCTION = YES;
				GCC_WARN_UNUSED_VARIABLE = YES;
				IPHONEOS_DEPLOYMENT_TARGET = 13.2;
				MTL_ENABLE_DEBUG_INFO = NO;
				MTL_FAST_MATH = YES;
				SDKROOT = iphoneos;
				SWIFT_COMPILATION_MODE = wholemodule;
				SWIFT_OPTIMIZATION_LEVEL = "-O";
				VALIDATE_PRODUCT = YES;
			};
			name = Release;
		};
		1042F37A23EBC89F008CCF62 /* Debug */ = {
			isa = XCBuildConfiguration;
			buildSettings = {
				ASSETCATALOG_COMPILER_APPICON_NAME = AppIcon;
				CODE_SIGN_STYLE = Automatic;
				DEVELOPMENT_ASSET_PATHS = "\"FeltTempSwiftUI/Preview Content\"";
				DEVELOPMENT_TEAM = L4YY3MS6MC;
				ENABLE_PREVIEWS = YES;
				INFOPLIST_FILE = FeltTempSwiftUI/Info.plist;
				LD_RUNPATH_SEARCH_PATHS = (
					"$(inherited)",
					"@executable_path/Frameworks",
				);
				PRODUCT_BUNDLE_IDENTIFIER = edu.lanecc.my.ramosam.FeltTempSwiftUI;
				PRODUCT_NAME = "$(TARGET_NAME)";
				SWIFT_VERSION = 5.0;
				TARGETED_DEVICE_FAMILY = "1,2";
			};
			name = Debug;
		};
		1042F37B23EBC89F008CCF62 /* Release */ = {
			isa = XCBuildConfiguration;
			buildSettings = {
				ASSETCATALOG_COMPILER_APPICON_NAME = AppIcon;
				CODE_SIGN_STYLE = Automatic;
				DEVELOPMENT_ASSET_PATHS = "\"FeltTempSwiftUI/Preview Content\"";
				DEVELOPMENT_TEAM = L4YY3MS6MC;
				ENABLE_PREVIEWS = YES;
				INFOPLIST_FILE = FeltTempSwiftUI/Info.plist;
				LD_RUNPATH_SEARCH_PATHS = (
					"$(inherited)",
					"@executable_path/Frameworks",
				);
				PRODUCT_BUNDLE_IDENTIFIER = edu.lanecc.my.ramosam.FeltTempSwiftUI;
				PRODUCT_NAME = "$(TARGET_NAME)";
				SWIFT_VERSION = 5.0;
				TARGETED_DEVICE_FAMILY = "1,2";
			};
			name = Release;
		};
/* End XCBuildConfiguration section */

/* Begin XCConfigurationList section */
		1042F36023EBC89E008CCF62 /* Build configuration list for PBXProject "FeltTempSwiftUI" */ = {
			isa = XCConfigurationList;
			buildConfigurations = (
				1042F37723EBC89F008CCF62 /* Debug */,
				1042F37823EBC89F008CCF62 /* Release */,
			);
			defaultConfigurationIsVisible = 0;
			defaultConfigurationName = Release;
		};
		1042F37923EBC89F008CCF62 /* Build configuration list for PBXNativeTarget "FeltTempSwiftUI" */ = {
			isa = XCConfigurationList;
			buildConfigurations = (
				1042F37A23EBC89F008CCF62 /* Debug */,
				1042F37B23EBC89F008CCF62 /* Release */,
			);
			defaultConfigurationIsVisible = 0;
			defaultConfigurationName = Release;
		};
/* End XCConfigurationList section */
	};
	rootObject = 1042F35D23EBC89E008CCF62 /* Project object */;
}
